
Microsoft Visual Studio Solution File, Format Version 12.00
# Visual Studio Version 16
VisualStudioVersion = 16.0.30413.136
MinimumVisualStudioVersion = 10.0.40219.1
Project("{2150E333-8FDC-42A3-9474-1A3956D46DE8}") = "Services", "Services", "{B629C66D-CF41-4DBE-86E7-3BF74727D700}"
EndProject
Project("{2150E333-8FDC-42A3-9474-1A3956D46DE8}") = "Common", "Common", "{A80F43C4-5FC5-488B-AF6D-7860312F34CD}"
EndProject
Project("{9A19103F-16F7-4668-BE54-9A1E7A4F7556}") = "AdventureWorks.Common", "AdventureWorks.Common\AdventureWorks.Common.csproj", "{B00E18ED-FF83-4667-8068-02D6FB19894A}"
EndProject
Project("{9A19103F-16F7-4668-BE54-9A1E7A4F7556}") = "AdventureWorks.API", "AdventureWorks.API\AdventureWorks.API.csproj", "{98B0E358-2BDD-4C77-85E1-16DC5296B833}"
EndProject
Global
	GlobalSection(SolutionConfigurationPlatforms) = preSolution
		Debug|Any CPU = Debug|Any CPU
		Release|Any CPU = Release|Any CPU
	EndGlobalSection
	GlobalSection(ProjectConfigurationPlatforms) = postSolution
		{B00E18ED-FF83-4667-8068-02D6FB19894A}.Debug|Any CPU.ActiveCfg = Debug|Any CPU
		{B00E18ED-FF83-4667-8068-02D6FB19894A}.Debug|Any CPU.Build.0 = Debug|Any CPU
		{B00E18ED-FF83-4667-8068-02D6FB19894A}.Release|Any CPU.ActiveCfg = Release|Any CPU
		{B00E18ED-FF83-4667-8068-02D6FB19894A}.Release|Any CPU.Build.0 = Release|Any CPU
		{98B0E358-2BDD-4C77-85E1-16DC5296B833}.Debug|Any CPU.ActiveCfg = Debug|Any CPU
		{98B0E358-2BDD-4C77-85E1-16DC5296B833}.Debug|Any CPU.Build.0 = Debug|Any CPU
		{98B0E358-2BDD-4C77-85E1-16DC5296B833}.Release|Any CPU.ActiveCfg = Release|Any CPU
		{98B0E358-2BDD-4C77-85E1-16DC5296B833}.Release|Any CPU.Build.0 = Release|Any CPU
	EndGlobalSection
	GlobalSection(SolutionProperties) = preSolution
		HideSolutionNode = FALSE
	EndGlobalSection
	GlobalSection(NestedProjects) = preSolution
		{B00E18ED-FF83-4667-8068-02D6FB19894A} = {A80F43C4-5FC5-488B-AF6D-7860312F34CD}
		{98B0E358-2BDD-4C77-85E1-16DC5296B833} = {B629C66D-CF41-4DBE-86E7-3BF74727D700}
	EndGlobalSection
	GlobalSection(ExtensibilityGlobals) = postSolution
		SolutionGuid = {3BBCE904-7CBE-4414-836B-D3EE37D83D23}
	EndGlobalSection
EndGlobal
